// !$*UTF8*$!
{
	archiveVersion = 1;
	classes = {
	};
	objectVersion = 77;
	objects = {

/* Begin PBXBuildFile section */
		4E8DD5BF2FE9852D006C49C2 /* Newtua in Frameworks */ = {isa = PBXBuildFile; productRef = 4E8DD5BE2FE9852D006C49C2 /* Newtua */; };
/* End PBXBuildFile section */

/* Begin PBXContainerItemProxy section */
		4E8DD59F2FE97BB5006C49C2 /* PBXContainerItemProxy */ = {
			isa = PBXContainerItemProxy;
			containerPortal = 4E8DD5872FE97BB4006C49C2 /* Project object */;
			proxyType = 1;
			remoteGlobalIDString = 4E8DD58E2FE97BB4006C49C2;
			remoteInfo = NewTheUnarchiver;
		};
		4E8DD5A92FE97BB5006C49C2 /* PBXContainerItemProxy */ = {
			isa = PBXContainerItemProxy;
			containerPortal = 4E8DD5872FE97BB4006C49C2 /* Project object */;
			proxyType = 1;
			remoteGlobalIDString = 4E8DD58E2FE97BB4006C49C2;
			remoteInfo = NewTheUnarchiver;
		};
/* End PBXContainerItemProxy section */

/* Begin PBXFileReference section */
		4E8DD58F2FE97BB4006C49C2 /* NewTheUnarchiver.app */ = {isa = PBXFileReference; explicitFileType = wrapper.application; includeInIndex = 0; path = NewTheUnarchiver.app; sourceTree = BUILT_PRODUCTS_DIR; };
		4E8DD59E2FE97BB5006C49C2 /* NewTheUnarchiverTests.xctest */ = {isa = PBXFileReference; explicitFileType = wrapper.cfbundle; includeInIndex = 0; path = NewTheUnarchiverTests.xctest; sourceTree = BUILT_PRODUCTS_DIR; };
		4E8DD5A82FE97BB5006C49C2 /* NewTheUnarchiverUITests.xctest */ = {isa = PBXFileReference; explicitFileType = wrapper.cfbundle; includeInIndex = 0; path = NewTheUnarchiverUITests.xctest; sourceTree = BUILT_PRODUCTS_DIR; };
/* End PBXFileReference section */

/* Begin PBXFileSystemSynchronizedBuildFileExceptionSet section */
		4E8DD60A2FEA6795006C49C2 /* Exceptions for "NewTheUnarchiver" folder in "NewTheUnarchiver" target */ = {
			isa = PBXFileSystemSynchronizedBuildFileExceptionSet;
			membershipExceptions = (
				Info.plist,
			);
			target = 4E8DD58E2FE97BB4006C49C2 /* NewTheUnarchiver */;
		};
/* End PBXFileSystemSynchronizedBuildFileExceptionSet section */

/* Begin PBXFileSystemSynchronizedRootGroup section */
		4E8DD5912FE97BB4006C49C2 /* NewTheUnarchiver */ = {
			isa = PBXFileSystemSynchronizedRootGroup;
			exceptions = (
				4E8DD60A2FEA6795006C49C2 /* Exceptions for "NewTheUnarchiver" folder in "NewTheUnarchiver" target */,
			);
			path = NewTheUnarchiver;
			sourceTree = "<group>";
		};
		4E8DD5A12FE97BB5006C49C2 /* NewTheUnarchiverTests */ = {
			isa = PBXFileSystemSynchronizedRootGroup;
			path = NewTheUnarchiverTests;
			sourceTree = "<group>";
		};
		4E8DD5AB2FE97BB5006C49C2 /* NewTheUnarchiverUITests */ = {
			isa = PBXFileSystemSynchronizedRootGroup;
			path = NewTheUnarchiverUITests;
			sourceTree = "<group>";
		};
/* End PBXFileSystemSynchronizedRootGroup section */

/* Begin PBXFrameworksBuildPhase section */
		4E8DD58C2FE97BB4006C49C2 /* Frameworks */ = {
			isa = PBXFrameworksBuildPhase;
			buildActionMask = 2147483647;
			files = (
				4E8DD5BF2FE9852D006C49C2 /* Newtua in Frameworks */,
			);
			runOnlyForDeploymentPostprocessing = 0;
		};
		4E8DD59B2FE97BB5006C49C2 /* Frameworks */ = {
			isa = PBXFrameworksBuildPhase;
			buildActionMask = 2147483647;
			files = (
			);
			runOnlyForDeploymentPostprocessing = 0;
		};
		4E8DD5A52FE97BB5006C49C2 /* Frameworks */ = {
			isa = PBXFrameworksBuildPhase;
			buildActionMask = 2147483647;
			files = (
			);
			runOnlyForDeploymentPostprocessing = 0;
		};
/* End PBXFrameworksBuildPhase section */

/* Begin PBXGroup section */
		4E8DD5862FE97BB4006C49C2 = {
			isa = PBXGroup;
			children = (
				4E8DD5912FE97BB4006C49C2 /* NewTheUnarchiver */,
				4E8DD5A12FE97BB5006C49C2 /* NewTheUnarchiverTests */,
				4E8DD5AB2FE97BB5006C49C2 /* NewTheUnarchiverUITests */,
				4E8DD5BD2FE9852D006C49C2 /* Frameworks */,
				4E8DD5902FE97BB4006C49C2 /* Products */,
			);
			sourceTree = "<group>";
		};
		4E8DD5902FE97BB4006C49C2 /* Products */ = {
			isa = PBXGroup;
			children = (
				4E8DD58F2FE97BB4006C49C2 /* NewTheUnarchiver.app */,
				4E8DD59E2FE97BB5006C49C2 /* NewTheUnarchiverTests.xctest */,
				4E8DD5A82FE97BB5006C49C2 /* NewTheUnarchiverUITests.xctest */,
			);
			name = Products;
			sourceTree = "<group>";
		};
		4E8DD5BD2FE9852D006C49C2 /* Frameworks */ = {
			isa = PBXGroup;
			children = (
			);
			name = Frameworks;
			sourceTree = "<group>";
		};
/* End PBXGroup section */

/* Begin PBXNativeTarget section */
		4E8DD58E2FE97BB4006C49C2 /* NewTheUnarchiver */ = {
			isa = PBXNativeTarget;
			buildConfigurationList = 4E8DD5B22FE97BB5006C49C2 /* Build configuration list for PBXNativeTarget "NewTheUnarchiver" */;
			buildPhases = (
				4E8DD5BC2FE9835C006C49C2 /* Run Script */,
				4E8DD58B2FE97BB4006C49C2 /* Sources */,
				4E8DD58C2FE97BB4006C49C2 /* Frameworks */,
				4E8DD58D2FE97BB4006C49C2 /* Resources */,
			);
			buildRules = (
			);
			dependencies = (
			);
			fileSystemSynchronizedGroups = (
				4E8DD5912FE97BB4006C49C2 /* NewTheUnarchiver */,
			);
			name = NewTheUnarchiver;
			packageProductDependencies = (
				4E8DD5BE2FE9852D006C49C2 /* Newtua */,
			);
			productName = NewTheUnarchiver;
			productReference = 4E8DD58F2FE97BB4006C49C2 /* NewTheUnarchiver.app */;
			productType = "com.apple.product-type.application";
		};
		4E8DD59D2FE97BB5006C49C2 /* NewTheUnarchiverTests */ = {
			isa = PBXNativeTarget;
			buildConfigurationList = 4E8DD5B52FE97BB5006C49C2 /* Build configuration list for PBXNativeTarget "NewTheUnarchiverTests" */;
			buildPhases = (
				4E8DD59A2FE97BB5006C49C2 /* Sources */,
				4E8DD59B2FE97BB5006C49C2 /* Frameworks */,
				4E8DD59C2FE97BB5006C49C2 /* Resources */,
			);
			buildRules = (
			);
			dependencies = (
				4E8DD5A02FE97BB5006C49C2 /* PBXTargetDependency */,
			);
			fileSystemSynchronizedGroups = (
				4E8DD5A12FE97BB5006C49C2 /* NewTheUnarchiverTests */,
			);
			name = NewTheUnarchiverTests;
			packageProductDependencies = (
			);
			productName = NewTheUnarchiverTests;
			productReference = 4E8DD59E2FE97BB5006C49C2 /* NewTheUnarchiverTests.xctest */;
			productType = "com.apple.product-type.bundle.unit-test";
		};
		4E8DD5A72FE97BB5006C49C2 /* NewTheUnarchiverUITests */ = {
			isa = PBXNativeTarget;
			buildConfigurationList = 4E8DD5B82FE97BB5006C49C2 /* Build configuration list for PBXNativeTarget "NewTheUnarchiverUITests" */;
			buildPhases = (
				4E8DD5A42FE97BB5006C49C2 /* Sources */,
				4E8DD5A52FE97BB5006C49C2 /* Frameworks */,
				4E8DD5A62FE97BB5006C49C2 /* Resources */,
			);
			buildRules = (
			);
			dependencies = (
				4E8DD5AA2FE97BB5006C49C2 /* PBXTargetDependency */,
			);
			fileSystemSynchronizedGroups = (
				4E8DD5AB2FE97BB5006C49C2 /* NewTheUnarchiverUITests */,
			);
			name = NewTheUnarchiverUITests;
			packageProductDependencies = (
			);
			productName = NewTheUnarchiverUITests;
			productReference = 4E8DD5A82FE97BB5006C49C2 /* NewTheUnarchiverUITests.xctest */;
			productType = "com.apple.product-type.bundle.ui-testing";
		};
/* End PBXNativeTarget section */

/* Begin PBXProject section */
		4E8DD5872FE97BB4006C49C2 /* Project object */ = {
			isa = PBXProject;
			attributes = {
				BuildIndependentTargetsInParallel = 1;
				LastSwiftUpdateCheck = 2650;
				LastUpgradeCheck = 2650;
				TargetAttributes = {
					4E8DD58E2FE97BB4006C49C2 = {
						CreatedOnToolsVersion = 26.5;
					};
					4E8DD59D2FE97BB5006C49C2 = {
						CreatedOnToolsVersion = 26.5;
						TestTargetID = 4E8DD58E2FE97BB4006C49C2;
					};
					4E8DD5A72FE97BB5006C49C2 = {
						CreatedOnToolsVersion = 26.5;
						TestTargetID = 4E8DD58E2FE97BB4006C49C2;
					};
				};
			};
			buildConfigurationList = 4E8DD58A2FE97BB4006C49C2 /* Build configuration list for PBXProject "NewTheUnarchiver" */;
			developmentRegion = en;
			hasScannedForEncodings = 0;
			knownRegions = (
				en,
				Base,
			);
			mainGroup = 4E8DD5862FE97BB4006C49C2;
			minimizedProjectReferenceProxies = 1;
			packageReferences = (
				4E8DD5BB2FE982F6006C49C2 /* XCLocalSwiftPackageReference "../../../bindings/swift" */,
			);
			preferredProjectObjectVersion = 77;
			productRefGroup = 4E8DD5902FE97BB4006C49C2 /* Products */;
			projectDirPath = "";
			projectRoot = "";
			targets = (
				4E8DD58E2FE97BB4006C49C2 /* NewTheUnarchiver */,
				4E8DD59D2FE97BB5006C49C2 /* NewTheUnarchiverTests */,
				4E8DD5A72FE97BB5006C49C2 /* NewTheUnarchiverUITests */,
			);
		};
/* End PBXProject section */

/* Begin PBXResourcesBuildPhase section */
		4E8DD58D2FE97BB4006C49C2 /* Resources */ = {
			isa = PBXResourcesBuildPhase;
			buildActionMask = 2147483647;
			files = (
			);
			runOnlyForDeploymentPostprocessing = 0;
		};
		4E8DD59C2FE97BB5006C49C2 /* Resources */ = {
			isa = PBXResourcesBuildPhase;
			buildActionMask = 2147483647;
			files = (
			);
			runOnlyForDeploymentPostprocessing = 0;
		};
		4E8DD5A62FE97BB5006C49C2 /* Resources */ = {
			isa = PBXResourcesBuildPhase;
			buildActionMask = 2147483647;
			files = (
			);
			runOnlyForDeploymentPostprocessing = 0;
		};
/* End PBXResourcesBuildPhase section */

/* Begin PBXShellScriptBuildPhase section */
		4E8DD5BC2FE9835C006C49C2 /* Run Script */ = {
			isa = PBXShellScriptBuildPhase;
			alwaysOutOfDate = 1;
			buildActionMask = 2147483647;
			files = (
			);
			inputFileListPaths = (
			);
			inputPaths = (
			);
			name = "Run Script";
			outputFileListPaths = (
			);
			outputPaths = (
			);
			runOnlyForDeploymentPostprocessing = 0;
			shellPath = /bin/sh;
			shellScript = "  set -euo pipefail\n  export PATH=\"$HOME/.cargo/bin:/opt/homebrew/bin:/usr/local/bin:$PATH\"\n  cd \"$(git -C \"$SRCROOT\" rev-parse --show-toplevel)\"\n  cargo build -p newtua-ffi\n";
		};
/* End PBXShellScriptBuildPhase section */

/* Begin PBXSourcesBuildPhase section */
		4E8DD58B2FE97BB4006C49C2 /* Sources */ = {
			isa = PBXSourcesBuildPhase;
			buildActionMask = 2147483647;
			files = (
			);
			runOnlyForDeploymentPostprocessing = 0;
		};
		4E8DD59A2FE97BB5006C49C2 /* Sources */ = {
			isa = PBXSourcesBuildPhase;
			buildActionMask = 2147483647;
			files = (
			);
			runOnlyForDeploymentPostprocessing = 0;
		};
		4E8DD5A42FE97BB5006C49C2 /* Sources */ = {
			isa = PBXSourcesBuildPhase;
			buildActionMask = 2147483647;
			files = (
			);
			runOnlyForDeploymentPostprocessing = 0;
		};
/* End PBXSourcesBuildPhase section */

/* Begin PBXTargetDependency section */
		4E8DD5A02FE97BB5006C49C2 /* PBXTargetDependency */ = {
			isa = PBXTargetDependency;
			target = 4E8DD58E2FE97BB4006C49C2 /* NewTheUnarchiver */;
			targetProxy = 4E8DD59F2FE97BB5006C49C2 /* PBXContainerItemProxy */;
		};
		4E8DD5AA2FE97BB5006C49C2 /* PBXTargetDependency */ = {
			isa = PBXTargetDependency;
			target = 4E8DD58E2FE97BB4006C49C2 /* NewTheUnarchiver */;
			targetProxy = 4E8DD5A92FE97BB5006C49C2 /* PBXContainerItemProxy */;
		};
/* End PBXTargetDependency section */

/* Begin XCBuildConfiguration section */
		4E8DD5B02FE97BB5006C49C2 /* Debug */ = {
			isa = XCBuildConfiguration;
			buildSettings = {
				ALWAYS_SEARCH_USER_PATHS = NO;
				ASSETCATALOG_COMPILER_GENERATE_SWIFT_ASSET_SYMBOL_EXTENSIONS = YES;
				CLANG_ANALYZER_NONNULL = YES;
				CLANG_ANALYZER_NUMBER_OBJECT_CONVERSION = YES_AGGRESSIVE;
				CLANG_CXX_LANGUAGE_STANDARD = "gnu++20";
				CLANG_ENABLE_MODULES = YES;
				CLANG_ENABLE_OBJC_ARC = YES;
				CLANG_ENABLE_OBJC_WEAK = YES;
				CLANG_WARN_BLOCK_CAPTURE_AUTORELEASING = YES;
				CLANG_WARN_BOOL_CONVERSION = YES;
				CLANG_WARN_COMMA = YES;
				CLANG_WARN_CONSTANT_CONVERSION = YES;
				CLANG_WARN_DEPRECATED_OBJC_IMPLEMENTATIONS = YES;
				CLANG_WARN_DIRECT_OBJC_ISA_USAGE = YES_ERROR;
				CLANG_WARN_DOCUMENTATION_COMMENTS = YES;
				CLANG_WARN_EMPTY_BODY = YES;
				CLANG_WARN_ENUM_CONVERSION = YES;
				CLANG_WARN_INFINITE_RECURSION = YES;
				CLANG_WARN_INT_CONVERSION = YES;
				CLANG_WARN_NON_LITERAL_NULL_CONVERSION = YES;
				CLANG_WARN_OBJC_IMPLICIT_RETAIN_SELF = YES;
				CLANG_WARN_OBJC_LITERAL_CONVERSION = YES;
				CLANG_WARN_OBJC_ROOT_CLASS = YES_ERROR;
				CLANG_WARN_QUOTED_INCLUDE_IN_FRAMEWORK_HEADER = YES;
				CLANG_WARN_RANGE_LOOP_ANALYSIS = YES;
				CLANG_WARN_STRICT_PROTOTYPES = YES;
				CLANG_WARN_SUSPICIOUS_MOVE = YES;
				CLANG_WARN_UNGUARDED_AVAILABILITY = YES_AGGRESSIVE;
				CLANG_WARN_UNREACHABLE_CODE = YES;
				CLANG_WARN__DUPLICATE_METHOD_MATCH = YES;
				COPY_PHASE_STRIP = NO;
				DEBUG_INFORMATION_FORMAT = dwarf;
				DEVELOPMENT_TEAM = 5FVC5YT2B5;
				ENABLE_STRICT_OBJC_MSGSEND = YES;
				ENABLE_TESTABILITY = YES;
				ENABLE_USER_SCRIPT_SANDBOXING = NO;
				GCC_C_LANGUAGE_STANDARD = gnu17;
				GCC_DYNAMIC_NO_PIC = NO;
				GCC_NO_COMMON_BLOCKS = YES;
				GCC_OPTIMIZATION_LEVEL = 0;
				GCC_PREPROCESSOR_DEFINITIONS = (
					"DEBUG=1",
					"$(inherited)",
				);
				GCC_WARN_64_TO_32_BIT_CONVERSION = YES;
				GCC_WARN_ABOUT_RETURN_TYPE = YES_ERROR;
				GCC_WARN_UNDECLARED_SELECTOR = YES;
				GCC_WARN_UNINITIALIZED_AUTOS = YES_AGGRESSIVE;
				GCC_WARN_UNUSED_FUNCTION = YES;
				GCC_WARN_UNUSED_VARIABLE = YES;
				LOCALIZATION_PREFERS_STRING_CATALOGS = YES;
				MACOSX_DEPLOYMENT_TARGET = 26.5;
				MTL_ENABLE_DEBUG_INFO = INCLUDE_SOURCE;
				MTL_FAST_MATH = YES;
				ONLY_ACTIVE_ARCH = YES;
				SDKROOT = macosx;
				SWIFT_ACTIVE_COMPILATION_CONDITIONS = "DEBUG $(inherited)";
				SWIFT_OPTIMIZATION_LEVEL = "-Onone";
			};
			name = Debug;
		};
		4E8DD5B12FE97BB5006C49C2 /* Release */ = {
			isa = XCBuildConfiguration;
			buildSettings = {
				ALWAYS_SEARCH_USER_PATHS = NO;
				ASSETCATALOG_COMPILER_GENERATE_SWIFT_ASSET_SYMBOL_EXTENSIONS = YES;
				CLANG_ANALYZER_NONNULL = YES;
				CLANG_ANALYZER_NUMBER_OBJECT_CONVERSION = YES_AGGRESSIVE;
				CLANG_CXX_LANGUAGE_STANDARD = "gnu++20";
				CLANG_ENABLE_MODULES = YES;
				CLANG_ENABLE_OBJC_ARC = YES;
				CLANG_ENABLE_OBJC_WEAK = YES;
				CLANG_WARN_BLOCK_CAPTURE_AUTORELEASING = YES;
				CLANG_WARN_BOOL_CONVERSION = YES;
				CLANG_WARN_COMMA = YES;
				CLANG_WARN_CONSTANT_CONVERSION = YES;
				CLANG_WARN_DEPRECATED_OBJC_IMPLEMENTATIONS = YES;
				CLANG_WARN_DIRECT_OBJC_ISA_USAGE = YES_ERROR;
				CLANG_WARN_DOCUMENTATION_COMMENTS = YES;
				CLANG_WARN_EMPTY_BODY = YES;
				CLANG_WARN_ENUM_CONVERSION = YES;
				CLANG_WARN_INFINITE_RECURSION = YES;
				CLANG_WARN_INT_CONVERSION = YES;
				CLANG_WARN_NON_LITERAL_NULL_CONVERSION = YES;
				CLANG_WARN_OBJC_IMPLICIT_RETAIN_SELF = YES;
				CLANG_WARN_OBJC_LITERAL_CONVERSION = YES;
				CLANG_WARN_OBJC_ROOT_CLASS = YES_ERROR;
				CLANG_WARN_QUOTED_INCLUDE_IN_FRAMEWORK_HEADER = YES;
				CLANG_WARN_RANGE_LOOP_ANALYSIS = YES;
				CLANG_WARN_STRICT_PROTOTYPES = YES;
				CLANG_WARN_SUSPICIOUS_MOVE = YES;
				CLANG_WARN_UNGUARDED_AVAILABILITY = YES_AGGRESSIVE;
				CLANG_WARN_UNREACHABLE_CODE = YES;
				CLANG_WARN__DUPLICATE_METHOD_MATCH = YES;
				COPY_PHASE_STRIP = NO;
				DEBUG_INFORMATION_FORMAT = "dwarf-with-dsym";
				DEVELOPMENT_TEAM = 5FVC5YT2B5;
				ENABLE_NS_ASSERTIONS = NO;
				ENABLE_STRICT_OBJC_MSGSEND = YES;
				ENABLE_USER_SCRIPT_SANDBOXING = NO;
				GCC_C_LANGUAGE_STANDARD = gnu17;
				GCC_NO_COMMON_BLOCKS = YES;
				GCC_WARN_64_TO_32_BIT_CONVERSION = YES;
				GCC_WARN_ABOUT_RETURN_TYPE = YES_ERROR;
				GCC_WARN_UNDECLARED_SELECTOR = YES;
				GCC_WARN_UNINITIALIZED_AUTOS = YES_AGGRESSIVE;
				GCC_WARN_UNUSED_FUNCTION = YES;
				GCC_WARN_UNUSED_VARIABLE = YES;
				LOCALIZATION_PREFERS_STRING_CATALOGS = YES;
				MACOSX_DEPLOYMENT_TARGET = 26.5;
				MTL_ENABLE_DEBUG_INFO = NO;
				MTL_FAST_MATH = YES;
				SDKROOT = macosx;
				SWIFT_COMPILATION_MODE = wholemodule;
			};
			name = Release;
		};
		4E8DD5B32FE97BB5006C49C2 /* Debug */ = {
			isa = XCBuildConfiguration;
			buildSettings = {
				ASSETCATALOG_COMPILER_APPICON_NAME = AppIcon;
				ASSETCATALOG_COMPILER_GLOBAL_ACCENT_COLOR_NAME = AccentColor;
				CODE_SIGN_STYLE = Automatic;
				COMBINE_HIDPI_IMAGES = YES;
				CURRENT_PROJECT_VERSION = 1;
				DEVELOPMENT_TEAM = 5FVC5YT2B5;
				ENABLE_APP_SANDBOX = NO;
				ENABLE_HARDENED_RUNTIME = YES;
				ENABLE_PREVIEWS = YES;
				GENERATE_INFOPLIST_FILE = YES;
				INFOPLIST_FILE = NewTheUnarchiver/Info.plist;
				INFOPLIST_KEY_NSHumanReadableCopyright = "";
				LD_RUNPATH_SEARCH_PATHS = (
					"$(inherited)",
					"@executable_path/../Frameworks",
				);
				MARKETING_VERSION = 1.0;
				PRODUCT_BUNDLE_IDENTIFIER = aleksei.trankov.NewTheUnarchiver;
				PRODUCT_NAME = "$(TARGET_NAME)";
				REGISTER_APP_GROUPS = YES;
				STRING_CATALOG_GENERATE_SYMBOLS = YES;
				SWIFT_APPROACHABLE_CONCURRENCY = YES;
				SWIFT_DEFAULT_ACTOR_ISOLATION = MainActor;
				SWIFT_EMIT_LOC_STRINGS = YES;
				SWIFT_UPCOMING_FEATURE_MEMBER_IMPORT_VISIBILITY = YES;
				SWIFT_VERSION = 5.0;
			};
			name = Debug;
		};
		4E8DD5B42FE97BB5006C49C2 /* Release */ = {
			isa = XCBuildConfiguration;
			buildSettings = {
				ASSETCATALOG_COMPILER_APPICON_NAME = AppIcon;
				ASSETCATALOG_COMPILER_GLOBAL_ACCENT_COLOR_NAME = AccentColor;
				CODE_SIGN_STYLE = Automatic;
				COMBINE_HIDPI_IMAGES = YES;
				CURRENT_PROJECT_VERSION = 1;
				DEVELOPMENT_TEAM = 5FVC5YT2B5;
				ENABLE_APP_SANDBOX = NO;
				ENABLE_HARDENED_RUNTIME = YES;
				ENABLE_PREVIEWS = YES;
				GENERATE_INFOPLIST_FILE = YES;
				INFOPLIST_FILE = NewTheUnarchiver/Info.plist;
				INFOPLIST_KEY_NSHumanReadableCopyright = "";
				LD_RUNPATH_SEARCH_PATHS = (
					"$(inherited)",
					"@executable_path/../Frameworks",
				);
				MARKETING_VERSION = 1.0;
				PRODUCT_BUNDLE_IDENTIFIER = aleksei.trankov.NewTheUnarchiver;
				PRODUCT_NAME = "$(TARGET_NAME)";
				REGISTER_APP_GROUPS = YES;
				STRING_CATALOG_GENERATE_SYMBOLS = YES;
				SWIFT_APPROACHABLE_CONCURRENCY = YES;
				SWIFT_DEFAULT_ACTOR_ISOLATION = MainActor;
				SWIFT_EMIT_LOC_STRINGS = YES;
				SWIFT_UPCOMING_FEATURE_MEMBER_IMPORT_VISIBILITY = YES;
				SWIFT_VERSION = 5.0;
			};
			name = Release;
		};
		4E8DD5B62FE97BB5006C49C2 /* Debug */ = {
			isa = XCBuildConfiguration;
			buildSettings = {
				BUNDLE_LOADER = "$(TEST_HOST)";
				CODE_SIGN_STYLE = Automatic;
				CURRENT_PROJECT_VERSION = 1;
				DEVELOPMENT_TEAM = 5FVC5YT2B5;
				GENERATE_INFOPLIST_FILE = YES;
				MACOSX_DEPLOYMENT_TARGET = 26.5;
				MARKETING_VERSION = 1.0;
				PRODUCT_BUNDLE_IDENTIFIER = aleksei.trankov.NewTheUnarchiverTests;
				PRODUCT_NAME = "$(TARGET_NAME)";
				STRING_CATALOG_GENERATE_SYMBOLS = NO;
				SWIFT_APPROACHABLE_CONCURRENCY = YES;
				SWIFT_EMIT_LOC_STRINGS = NO;
				SWIFT_UPCOMING_FEATURE_MEMBER_IMPORT_VISIBILITY = YES;
				SWIFT_VERSION = 5.0;
				TEST_HOST = "$(BUILT_PRODUCTS_DIR)/NewTheUnarchiver.app/$(BUNDLE_EXECUTABLE_FOLDER_PATH)/NewTheUnarchiver";
			};
			name = Debug;
		};
		4E8DD5B72FE97BB5006C49C2 /* Release */ = {
			isa = XCBuildConfiguration;
			buildSettings = {
				BUNDLE_LOADER = "$(TEST_HOST)";
				CODE_SIGN_STYLE = Automatic;
				CURRENT_PROJECT_VERSION = 1;
				DEVELOPMENT_TEAM = 5FVC5YT2B5;
				GENERATE_INFOPLIST_FILE = YES;
				MACOSX_DEPLOYMENT_TARGET = 26.5;
				MARKETING_VERSION = 1.0;
				PRODUCT_BUNDLE_IDENTIFIER = aleksei.trankov.NewTheUnarchiverTests;
				PRODUCT_NAME = "$(TARGET_NAME)";
				STRING_CATALOG_GENERATE_SYMBOLS = NO;
				SWIFT_APPROACHABLE_CONCURRENCY = YES;
				SWIFT_EMIT_LOC_STRINGS = NO;
				SWIFT_UPCOMING_FEATURE_MEMBER_IMPORT_VISIBILITY = YES;
				SWIFT_VERSION = 5.0;
				TEST_HOST = "$(BUILT_PRODUCTS_DIR)/NewTheUnarchiver.app/$(BUNDLE_EXECUTABLE_FOLDER_PATH)/NewTheUnarchiver";
			};
			name = Release;
		};
		4E8DD5B92FE97BB5006C49C2 /* Debug */ = {
			isa = XCBuildConfiguration;
			buildSettings = {
				CODE_SIGN_STYLE = Automatic;
				CURRENT_PROJECT_VERSION = 1;
				DEVELOPMENT_TEAM = 5FVC5YT2B5;
				GENERATE_INFOPLIST_FILE = YES;
				MARKETING_VERSION = 1.0;
				PRODUCT_BUNDLE_IDENTIFIER = aleksei.trankov.NewTheUnarchiverUITests;
				PRODUCT_NAME = "$(TARGET_NAME)";
				STRING_CATALOG_GENERATE_SYMBOLS = NO;
				SWIFT_APPROACHABLE_CONCURRENCY = YES;
				SWIFT_EMIT_LOC_STRINGS = NO;
				SWIFT_UPCOMING_FEATURE_MEMBER_IMPORT_VISIBILITY = YES;
				SWIFT_VERSION = 5.0;
				TEST_TARGET_NAME = NewTheUnarchiver;
			};
			name = Debug;
		};
		4E8DD5BA2FE97BB5006C49C2 /* Release */ = {
			isa = XCBuildConfiguration;
			buildSettings = {
				CODE_SIGN_STYLE = Automatic;
				CURRENT_PROJECT_VERSION = 1;
				DEVELOPMENT_TEAM = 5FVC5YT2B5;
				GENERATE_INFOPLIST_FILE = YES;
				MARKETING_VERSION = 1.0;
				PRODUCT_BUNDLE_IDENTIFIER = aleksei.trankov.NewTheUnarchiverUITests;
				PRODUCT_NAME = "$(TARGET_NAME)";
				STRING_CATALOG_GENERATE_SYMBOLS = NO;
				SWIFT_APPROACHABLE_CONCURRENCY = YES;
				SWIFT_EMIT_LOC_STRINGS = NO;
				SWIFT_UPCOMING_FEATURE_MEMBER_IMPORT_VISIBILITY = YES;
				SWIFT_VERSION = 5.0;
				TEST_TARGET_NAME = NewTheUnarchiver;
			};
			name = Release;
		};
/* End XCBuildConfiguration section */

/* Begin XCConfigurationList section */
		4E8DD58A2FE97BB4006C49C2 /* Build configuration list for PBXProject "NewTheUnarchiver" */ = {
			isa = XCConfigurationList;
			buildConfigurations = (
				4E8DD5B02FE97BB5006C49C2 /* Debug */,
				4E8DD5B12FE97BB5006C49C2 /* Release */,
			);
			defaultConfigurationIsVisible = 0;
			defaultConfigurationName = Release;
		};
		4E8DD5B22FE97BB5006C49C2 /* Build configuration list for PBXNativeTarget "NewTheUnarchiver" */ = {
			isa = XCConfigurationList;
			buildConfigurations = (
				4E8DD5B32FE97BB5006C49C2 /* Debug */,
				4E8DD5B42FE97BB5006C49C2 /* Release */,
			);
			defaultConfigurationIsVisible = 0;
			defaultConfigurationName = Release;
		};
		4E8DD5B52FE97BB5006C49C2 /* Build configuration list for PBXNativeTarget "NewTheUnarchiverTests" */ = {
			isa = XCConfigurationList;
			buildConfigurations = (
				4E8DD5B62FE97BB5006C49C2 /* Debug */,
				4E8DD5B72FE97BB5006C49C2 /* Release */,
			);
			defaultConfigurationIsVisible = 0;
			defaultConfigurationName = Release;
		};
		4E8DD5B82FE97BB5006C49C2 /* Build configuration list for PBXNativeTarget "NewTheUnarchiverUITests" */ = {
			isa = XCConfigurationList;
			buildConfigurations = (
				4E8DD5B92FE97BB5006C49C2 /* Debug */,
				4E8DD5BA2FE97BB5006C49C2 /* Release */,
			);
			defaultConfigurationIsVisible = 0;
			defaultConfigurationName = Release;
		};
/* End XCConfigurationList section */

/* Begin XCLocalSwiftPackageReference section */
		4E8DD5BB2FE982F6006C49C2 /* XCLocalSwiftPackageReference "../../../bindings/swift" */ = {
			isa = XCLocalSwiftPackageReference;
			relativePath = ../../../bindings/swift;
		};
/* End XCLocalSwiftPackageReference section */

/* Begin XCSwiftPackageProductDependency section */
		4E8DD5BE2FE9852D006C49C2 /* Newtua */ = {
			isa = XCSwiftPackageProductDependency;
			package = 4E8DD5BB2FE982F6006C49C2 /* XCLocalSwiftPackageReference "../../../bindings/swift" */;
			productName = Newtua;
		};
/* End XCSwiftPackageProductDependency section */
	};
	rootObject = 4E8DD5872FE97BB4006C49C2 /* Project object */;
}
